// !$*UTF8*$!
{
	archiveVersion = 1;
	classes = {
	};
	objectVersion = 50;
	objects = {

/* Begin PBXBuildFile section */
		8334F31221002DC70087C2C3 /* WKDanmuModel.m in Sources */ = {isa = PBXBuildFile; fileRef = 8334F31121002DC70087C2C3 /* WKDanmuModel.m */; };
		8334F315210040D70087C2C3 /* CALayer+Animate.m in Sources */ = {isa = PBXBuildFile; fileRef = 8334F314210040D70087C2C3 /* CALayer+Animate.m */; };
		8339546720FF4D6800A608E0 /* AppDelegate.m in Sources */ = {isa = PBXBuildFile; fileRef = 8339546620FF4D6800A608E0 /* AppDelegate.m */; };
		8339546A20FF4D6800A608E0 /* ViewController.m in Sources */ = {isa = PBXBuildFile; fileRef = 8339546920FF4D6800A608E0 /* ViewController.m */; };
		8339546D20FF4D6800A608E0 /* Main.storyboard in Resources */ = {isa = PBXBuildFile; fileRef = 8339546B20FF4D6800A608E0 /* Main.storyboard */; };
		8339546F20FF4D6B00A608E0 /* Assets.xcassets in Resources */ = {isa = PBXBuildFile; fileRef = 8339546E20FF4D6B00A608E0 /* Assets.xcassets */; };
		8339547220FF4D6B00A608E0 /* LaunchScreen.storyboard in Resources */ = {isa = PBXBuildFile; fileRef = 8339547020FF4D6B00A608E0 /* LaunchScreen.storyboard */; };
		8339547520FF4D6B00A608E0 /* main.m in Sources */ = {isa = PBXBuildFile; fileRef = 8339547420FF4D6B00A608E0 /* main.m */; };
		8339547F20FF4D6B00A608E0 /* WKDanmuViewTests.m in Sources */ = {isa = PBXBuildFile; fileRef = 8339547E20FF4D6B00A608E0 /* WKDanmuViewTests.m */; };
		8339548A20FF4D6B00A608E0 /* WKDanmuViewUITests.m in Sources */ = {isa = PBXBuildFile; fileRef = 8339548920FF4D6B00A608E0 /* WKDanmuViewUITests.m */; };
		8339549A20FF4DB000A608E0 /* WKDanmuView.m in Sources */ = {isa = PBXBuildFile; fileRef = 8339549920FF4DB000A608E0 /* WKDanmuView.m */; };
/* End PBXBuildFile section */

/* Begin PBXContainerItemProxy section */
		8339547B20FF4D6B00A608E0 /* PBXContainerItemProxy */ = {
			isa = PBXContainerItemProxy;
			containerPortal = 8339545A20FF4D6800A608E0 /* Project object */;
			proxyType = 1;
			remoteGlobalIDString = 8339546120FF4D6800A608E0;
			remoteInfo = WKDanmuView;
		};
		8339548620FF4D6B00A608E0 /* PBXContainerItemProxy */ = {
			isa = PBXContainerItemProxy;
			containerPortal = 8339545A20FF4D6800A608E0 /* Project object */;
			proxyType = 1;
			remoteGlobalIDString = 8339546120FF4D6800A608E0;
			remoteInfo = WKDanmuView;
		};
/* End PBXContainerItemProxy section */

/* Begin PBXFileReference section */
		8334F31021002DC70087C2C3 /* WKDanmuModel.h */ = {isa = PBXFileReference; lastKnownFileType = sourcecode.c.h; path = WKDanmuModel.h; sourceTree = "<group>"; };
		8334F31121002DC70087C2C3 /* WKDanmuModel.m */ = {isa = PBXFileReference; lastKnownFileType = sourcecode.c.objc; path = WKDanmuModel.m; sourceTree = "<group>"; };
		8334F313210040D70087C2C3 /* CALayer+Animate.h */ = {isa = PBXFileReference; lastKnownFileType = sourcecode.c.h; path = "CALayer+Animate.h"; sourceTree = "<group>"; };
		8334F314210040D70087C2C3 /* CALayer+Animate.m */ = {isa = PBXFileReference; lastKnownFileType = sourcecode.c.objc; path = "CALayer+Animate.m"; sourceTree = "<group>"; };
		8339546220FF4D6800A608E0 /* WKDanmuView.app */ = {isa = PBXFileReference; explicitFileType = wrapper.application; includeInIndex = 0; path = WKDanmuView.app; sourceTree = BUILT_PRODUCTS_DIR; };
		8339546520FF4D6800A608E0 /* AppDelegate.h */ = {isa = PBXFileReference; lastKnownFileType = sourcecode.c.h; path = AppDelegate.h; sourceTree = "<group>"; };
		8339546620FF4D6800A608E0 /* AppDelegate.m */ = {isa = PBXFileReference; lastKnownFileType = sourcecode.c.objc; path = AppDelegate.m; sourceTree = "<group>"; };
		8339546820FF4D6800A608E0 /* ViewController.h */ = {isa = PBXFileReference; lastKnownFileType = sourcecode.c.h; path = ViewController.h; sourceTree = "<group>"; };
		8339546920FF4D6800A608E0 /* ViewController.m */ = {isa = PBXFileReference; lastKnownFileType = sourcecode.c.objc; path = ViewController.m; sourceTree = "<group>"; };
		8339546C20FF4D6800A608E0 /* Base */ = {isa = PBXFileReference; lastKnownFileType = file.storyboard; name = Base; path = Base.lproj/Main.storyboard; sourceTree = "<group>"; };
		8339546E20FF4D6B00A608E0 /* Assets.xcassets */ = {isa = PBXFileReference; lastKnownFileType = folder.assetcatalog; path = Assets.xcassets; sourceTree = "<group>"; };
		8339547120FF4D6B00A608E0 /* Base */ = {isa = PBXFileReference; lastKnownFileType = file.storyboard; name = Base; path = Base.lproj/LaunchScreen.storyboard; sourceTree = "<group>"; };
		8339547320FF4D6B00A608E0 /* Info.plist */ = {isa = PBXFileReference; lastKnownFileType = text.plist.xml; path = Info.plist; sourceTree = "<group>"; };
		8339547420FF4D6B00A608E0 /* main.m */ = {isa = PBXFileReference; lastKnownFileType = sourcecode.c.objc; path = main.m; sourceTree = "<group>"; };
		8339547A20FF4D6B00A608E0 /* WKDanmuViewTests.xctest */ = {isa = PBXFileReference; explicitFileType = wrapper.cfbundle; includeInIndex = 0; path = WKDanmuViewTests.xctest; sourceTree = BUILT_PRODUCTS_DIR; };
		8339547E20FF4D6B00A608E0 /* WKDanmuViewTests.m */ = {isa = PBXFileReference; lastKnownFileType = sourcecode.c.objc; path = WKDanmuViewTests.m; sourceTree = "<group>"; };
		8339548020FF4D6B00A608E0 /* Info.plist */ = {isa = PBXFileReference; lastKnownFileType = text.plist.xml; path = Info.plist; sourceTree = "<group>"; };
		8339548520FF4D6B00A608E0 /* WKDanmuViewUITests.xctest */ = {isa = PBXFileReference; explicitFileType = wrapper.cfbundle; includeInIndex = 0; path = WKDanmuViewUITests.xctest; sourceTree = BUILT_PRODUCTS_DIR; };
		8339548920FF4D6B00A608E0 /* WKDanmuViewUITests.m */ = {isa = PBXFileReference; lastKnownFileType = sourcecode.c.objc; path = WKDanmuViewUITests.m; sourceTree = "<group>"; };
		8339548B20FF4D6B00A608E0 /* Info.plist */ = {isa = PBXFileReference; lastKnownFileType = text.plist.xml; path = Info.plist; sourceTree = "<group>"; };
		8339549820FF4DB000A608E0 /* WKDanmuView.h */ = {isa = PBXFileReference; lastKnownFileType = sourcecode.c.h; path = WKDanmuView.h; sourceTree = "<group>"; };
		8339549920FF4DB000A608E0 /* WKDanmuView.m */ = {isa = PBXFileReference; lastKnownFileType = sourcecode.c.objc; path = WKDanmuView.m; sourceTree = "<group>"; };
		8339549C20FF4FEE00A608E0 /* WKDanmuModelProtocol.h */ = {isa = PBXFileReference; lastKnownFileType = sourcecode.c.h; path = WKDanmuModelProtocol.h; sourceTree = "<group>"; };
/* End PBXFileReference section */

/* Begin PBXFrameworksBuildPhase section */
		8339545F20FF4D6800A608E0 /* Frameworks */ = {
			isa = PBXFrameworksBuildPhase;
			buildActionMask = 2147483647;
			files = (
			);
			runOnlyForDeploymentPostprocessing = 0;
		};
		8339547720FF4D6B00A608E0 /* Frameworks */ = {
			isa = PBXFrameworksBuildPhase;
			buildActionMask = 2147483647;
			files = (
			);
			runOnlyForDeploymentPostprocessing = 0;
		};
		8339548220FF4D6B00A608E0 /* Frameworks */ = {
			isa = PBXFrameworksBuildPhase;
			buildActionMask = 2147483647;
			files = (
			);
			runOnlyForDeploymentPostprocessing = 0;
		};
/* End PBXFrameworksBuildPhase section */

/* Begin PBXGroup section */
		8339545920FF4D6800A608E0 = {
			isa = PBXGroup;
			children = (
				8339546420FF4D6800A608E0 /* WKDanmuView */,
				8339547D20FF4D6B00A608E0 /* WKDanmuViewTests */,
				8339548820FF4D6B00A608E0 /* WKDanmuViewUITests */,
				8339546320FF4D6800A608E0 /* Products */,
			);
			sourceTree = "<group>";
		};
		8339546320FF4D6800A608E0 /* Products */ = {
			isa = PBXGroup;
			children = (
				8339546220FF4D6800A608E0 /* WKDanmuView.app */,
				8339547A20FF4D6B00A608E0 /* WKDanmuViewTests.xctest */,
				8339548520FF4D6B00A608E0 /* WKDanmuViewUITests.xctest */,
			);
			name = Products;
			sourceTree = "<group>";
		};
		8339546420FF4D6800A608E0 /* WKDanmuView */ = {
			isa = PBXGroup;
			children = (
				8339549720FF4D9B00A608E0 /* DanmuView */,
				8339546520FF4D6800A608E0 /* AppDelegate.h */,
				8339546620FF4D6800A608E0 /* AppDelegate.m */,
				8339546820FF4D6800A608E0 /* ViewController.h */,
				8339546920FF4D6800A608E0 /* ViewController.m */,
				8339546B20FF4D6800A608E0 /* Main.storyboard */,
				8339546E20FF4D6B00A608E0 /* Assets.xcassets */,
				8339547020FF4D6B00A608E0 /* LaunchScreen.storyboard */,
				8339547320FF4D6B00A608E0 /* Info.plist */,
				8339547420FF4D6B00A608E0 /* main.m */,
			);
			path = WKDanmuView;
			sourceTree = "<group>";
		};
		8339547D20FF4D6B00A608E0 /* WKDanmuViewTests */ = {
			isa = PBXGroup;
			children = (
				8339547E20FF4D6B00A608E0 /* WKDanmuViewTests.m */,
				8339548020FF4D6B00A608E0 /* Info.plist */,
			);
			path = WKDanmuViewTests;
			sourceTree = "<group>";
		};
		8339548820FF4D6B00A608E0 /* WKDanmuViewUITests */ = {
			isa = PBXGroup;
			children = (
				8339548920FF4D6B00A608E0 /* WKDanmuViewUITests.m */,
				8339548B20FF4D6B00A608E0 /* Info.plist */,
			);
			path = WKDanmuViewUITests;
			sourceTree = "<group>";
		};
		8339549720FF4D9B00A608E0 /* DanmuView */ = {
			isa = PBXGroup;
			children = (
				8339549820FF4DB000A608E0 /* WKDanmuView.h */,
				8339549920FF4DB000A608E0 /* WKDanmuView.m */,
				8339549C20FF4FEE00A608E0 /* WKDanmuModelProtocol.h */,
				8334F31021002DC70087C2C3 /* WKDanmuModel.h */,
				8334F31121002DC70087C2C3 /* WKDanmuModel.m */,
				8334F313210040D70087C2C3 /* CALayer+Animate.h */,
				8334F314210040D70087C2C3 /* CALayer+Animate.m */,
			);
			path = DanmuView;
			sourceTree = "<group>";
		};
/* End PBXGroup section */

/* Begin PBXNativeTarget section */
		8339546120FF4D6800A608E0 /* WKDanmuView */ = {
			isa = PBXNativeTarget;
			buildConfigurationList = 8339548E20FF4D6B00A608E0 /* Build configuration list for PBXNativeTarget "WKDanmuView" */;
			buildPhases = (
				8339545E20FF4D6800A608E0 /* Sources */,
				8339545F20FF4D6800A608E0 /* Frameworks */,
				8339546020FF4D6800A608E0 /* Resources */,
			);
			buildRules = (
			);
			dependencies = (
			);
			name = WKDanmuView;
			productName = WKDanmuView;
			productReference = 8339546220FF4D6800A608E0 /* WKDanmuView.app */;
			productType = "com.apple.product-type.application";
		};
		8339547920FF4D6B00A608E0 /* WKDanmuViewTests */ = {
			isa = PBXNativeTarget;
			buildConfigurationList = 8339549120FF4D6B00A608E0 /* Build configuration list for PBXNativeTarget "WKDanmuViewTests" */;
			buildPhases = (
				8339547620FF4D6B00A608E0 /* Sources */,
				8339547720FF4D6B00A608E0 /* Frameworks */,
				8339547820FF4D6B00A608E0 /* Resources */,
			);
			buildRules = (
			);
			dependencies = (
				8339547C20FF4D6B00A608E0 /* PBXTargetDependency */,
			);
			name = WKDanmuViewTests;
			productName = WKDanmuViewTests;
			productReference = 8339547A20FF4D6B00A608E0 /* WKDanmuViewTests.xctest */;
			productType = "com.apple.product-type.bundle.unit-test";
		};
		8339548420FF4D6B00A608E0 /* WKDanmuViewUITests */ = {
			isa = PBXNativeTarget;
			buildConfigurationList = 8339549420FF4D6B00A608E0 /* Build configuration list for PBXNativeTarget "WKDanmuViewUITests" */;
			buildPhases = (
				8339548120FF4D6B00A608E0 /* Sources */,
				8339548220FF4D6B00A608E0 /* Frameworks */,
				8339548320FF4D6B00A608E0 /* Resources */,
			);
			buildRules = (
			);
			dependencies = (
				8339548720FF4D6B00A608E0 /* PBXTargetDependency */,
			);
			name = WKDanmuViewUITests;
			productName = WKDanmuViewUITests;
			productReference = 8339548520FF4D6B00A608E0 /* WKDanmuViewUITests.xctest */;
			productType = "com.apple.product-type.bundle.ui-testing";
		};
/* End PBXNativeTarget section */

/* Begin PBXProject section */
		8339545A20FF4D6800A608E0 /* Project object */ = {
			isa = PBXProject;
			attributes = {
				LastUpgradeCheck = 0940;
				ORGANIZATIONNAME = com.wk;
				TargetAttributes = {
					8339546120FF4D6800A608E0 = {
						CreatedOnToolsVersion = 9.4;
					};
					8339547920FF4D6B00A608E0 = {
						CreatedOnToolsVersion = 9.4;
						TestTargetID = 8339546120FF4D6800A608E0;
					};
					8339548420FF4D6B00A608E0 = {
						CreatedOnToolsVersion = 9.4;
						TestTargetID = 8339546120FF4D6800A608E0;
					};
				};
			};
			buildConfigurationList = 8339545D20FF4D6800A608E0 /* Build configuration list for PBXProject "WKDanmuView" */;
			compatibilityVersion = "Xcode 9.3";
			developmentRegion = en;
			hasScannedForEncodings = 0;
			knownRegions = (
				en,
				Base,
			);
			mainGroup = 8339545920FF4D6800A608E0;
			productRefGroup = 8339546320FF4D6800A608E0 /* Products */;
			projectDirPath = "";
			projectRoot = "";
			targets = (
				8339546120FF4D6800A608E0 /* WKDanmuView */,
				8339547920FF4D6B00A608E0 /* WKDanmuViewTests */,
				8339548420FF4D6B00A608E0 /* WKDanmuViewUITests */,
			);
		};
/* End PBXProject section */

/* Begin PBXResourcesBuildPhase section */
		8339546020FF4D6800A608E0 /* Resources */ = {
			isa = PBXResourcesBuildPhase;
			buildActionMask = 2147483647;
			files = (
				8339547220FF4D6B00A608E0 /* LaunchScreen.storyboard in Resources */,
				8339546F20FF4D6B00A608E0 /* Assets.xcassets in Resources */,
				8339546D20FF4D6800A608E0 /* Main.storyboard in Resources */,
			);
			runOnlyForDeploymentPostprocessing = 0;
		};
		8339547820FF4D6B00A608E0 /* Resources */ = {
			isa = PBXResourcesBuildPhase;
			buildActionMask = 2147483647;
			files = (
			);
			runOnlyForDeploymentPostprocessing = 0;
		};
		8339548320FF4D6B00A608E0 /* Resources */ = {
			isa = PBXResourcesBuildPhase;
			buildActionMask = 2147483647;
			files = (
			);
			runOnlyForDeploymentPostprocessing = 0;
		};
/* End PBXResourcesBuildPhase section */

/* Begin PBXSourcesBuildPhase section */
		8339545E20FF4D6800A608E0 /* Sources */ = {
			isa = PBXSourcesBuildPhase;
			buildActionMask = 2147483647;
			files = (
				8339546A20FF4D6800A608E0 /* ViewController.m in Sources */,
				8334F315210040D70087C2C3 /* CALayer+Animate.m in Sources */,
				8339547520FF4D6B00A608E0 /* main.m in Sources */,
				8339549A20FF4DB000A608E0 /* WKDanmuView.m in Sources */,
				8334F31221002DC70087C2C3 /* WKDanmuModel.m in Sources */,
				8339546720FF4D6800A608E0 /* AppDelegate.m in Sources */,
			);
			runOnlyForDeploymentPostprocessing = 0;
		};
		8339547620FF4D6B00A608E0 /* Sources */ = {
			isa = PBXSourcesBuildPhase;
			buildActionMask = 2147483647;
			files = (
				8339547F20FF4D6B00A608E0 /* WKDanmuViewTests.m in Sources */,
			);
			runOnlyForDeploymentPostprocessing = 0;
		};
		8339548120FF4D6B00A608E0 /* Sources */ = {
			isa = PBXSourcesBuildPhase;
			buildActionMask = 2147483647;
			files = (
				8339548A20FF4D6B00A608E0 /* WKDanmuViewUITests.m in Sources */,
			);
			runOnlyForDeploymentPostprocessing = 0;
		};
/* End PBXSourcesBuildPhase section */

/* Begin PBXTargetDependency section */
		8339547C20FF4D6B00A608E0 /* PBXTargetDependency */ = {
			isa = PBXTargetDependency;
			target = 8339546120FF4D6800A608E0 /* WKDanmuView */;
			targetProxy = 8339547B20FF4D6B00A608E0 /* PBXContainerItemProxy */;
		};
		8339548720FF4D6B00A608E0 /* PBXTargetDependency */ = {
			isa = PBXTargetDependency;
			target = 8339546120FF4D6800A608E0 /* WKDanmuView */;
			targetProxy = 8339548620FF4D6B00A608E0 /* PBXContainerItemProxy */;
		};
/* End PBXTargetDependency section */

/* Begin PBXVariantGroup section */
		8339546B20FF4D6800A608E0 /* Main.storyboard */ = {
			isa = PBXVariantGroup;
			children = (
				8339546C20FF4D6800A608E0 /* Base */,
			);
			name = Main.storyboard;
			sourceTree = "<group>";
		};
		8339547020FF4D6B00A608E0 /* LaunchScreen.storyboard */ = {
			isa = PBXVariantGroup;
			children = (
				8339547120FF4D6B00A608E0 /* Base */,
			);
			name = LaunchScreen.storyboard;
			sourceTree = "<group>";
		};
/* End PBXVariantGroup section */

/* Begin XCBuildConfiguration section */
		8339548C20FF4D6B00A608E0 /* Debug */ = {
			isa = XCBuildConfiguration;
			buildSettings = {
				ALWAYS_SEARCH_USER_PATHS = NO;
				CLANG_ANALYZER_NONNULL = YES;
				CLANG_ANALYZER_NUMBER_OBJECT_CONVERSION = YES_AGGRESSIVE;
				CLANG_CXX_LANGUAGE_STANDARD = "gnu++14";
				CLANG_CXX_LIBRARY = "libc++";
				CLANG_ENABLE_MODULES = YES;
				CLANG_ENABLE_OBJC_ARC = YES;
				CLANG_ENABLE_OBJC_WEAK = YES;
				CLANG_WARN_BLOCK_CAPTURE_AUTORELEASING = YES;
				CLANG_WARN_BOOL_CONVERSION = YES;
				CLANG_WARN_COMMA = YES;
				CLANG_WARN_CONSTANT_CONVERSION = YES;
				CLANG_WARN_DEPRECATED_OBJC_IMPLEMENTATIONS = YES;
				CLANG_WARN_DIRECT_OBJC_ISA_USAGE = YES_ERROR;
				CLANG_WARN_DOCUMENTATION_COMMENTS = YES;
				CLANG_WARN_EMPTY_BODY = YES;
				CLANG_WARN_ENUM_CONVERSION = YES;
				CLANG_WARN_INFINITE_RECURSION = YES;
				CLANG_WARN_INT_CONVERSION = YES;
				CLANG_WARN_NON_LITERAL_NULL_CONVERSION = YES;
				CLANG_WARN_OBJC_IMPLICIT_RETAIN_SELF = YES;
				CLANG_WARN_OBJC_LITERAL_CONVERSION = YES;
				CLANG_WARN_OBJC_ROOT_CLASS = YES_ERROR;
				CLANG_WARN_RANGE_LOOP_ANALYSIS = YES;
				CLANG_WARN_STRICT_PROTOTYPES = YES;
				CLANG_WARN_SUSPICIOUS_MOVE = YES;
				CLANG_WARN_UNGUARDED_AVAILABILITY = YES_AGGRESSIVE;
				CLANG_WARN_UNREACHABLE_CODE = YES;
				CLANG_WARN__DUPLICATE_METHOD_MATCH = YES;
				CODE_SIGN_IDENTITY = "iPhone Developer";
				COPY_PHASE_STRIP = NO;
				DEBUG_INFORMATION_FORMAT = dwarf;
				ENABLE_STRICT_OBJC_MSGSEND = YES;
				ENABLE_TESTABILITY = YES;
				GCC_C_LANGUAGE_STANDARD = gnu11;
				GCC_DYNAMIC_NO_PIC = NO;
				GCC_NO_COMMON_BLOCKS = YES;
				GCC_OPTIMIZATION_LEVEL = 0;
				GCC_PREPROCESSOR_DEFINITIONS = (
					"DEBUG=1",
					"$(inherited)",
				);
				GCC_WARN_64_TO_32_BIT_CONVERSION = YES;
				GCC_WARN_ABOUT_RETURN_TYPE = YES_ERROR;
				GCC_WARN_UNDECLARED_SELECTOR = YES;
				GCC_WARN_UNINITIALIZED_AUTOS = YES_AGGRESSIVE;
				GCC_WARN_UNUSED_FUNCTION = YES;
				GCC_WARN_UNUSED_VARIABLE = YES;
				IPHONEOS_DEPLOYMENT_TARGET = 11.4;
				MTL_ENABLE_DEBUG_INFO = YES;
				ONLY_ACTIVE_ARCH = YES;
				SDKROOT = iphoneos;
			};
			name = Debug;
		};
		8339548D20FF4D6B00A608E0 /* Release */ = {
			isa = XCBuildConfiguration;
			buildSettings = {
				ALWAYS_SEARCH_USER_PATHS = NO;
				CLANG_ANALYZER_NONNULL = YES;
				CLANG_ANALYZER_NUMBER_OBJECT_CONVERSION = YES_AGGRESSIVE;
				CLANG_CXX_LANGUAGE_STANDARD = "gnu++14";
				CLANG_CXX_LIBRARY = "libc++";
				CLANG_ENABLE_MODULES = YES;
				CLANG_ENABLE_OBJC_ARC = YES;
				CLANG_ENABLE_OBJC_WEAK = YES;
				CLANG_WARN_BLOCK_CAPTURE_AUTORELEASING = YES;
				CLANG_WARN_BOOL_CONVERSION = YES;
				CLANG_WARN_COMMA = YES;
				CLANG_WARN_CONSTANT_CONVERSION = YES;
				CLANG_WARN_DEPRECATED_OBJC_IMPLEMENTATIONS = YES;
				CLANG_WARN_DIRECT_OBJC_ISA_USAGE = YES_ERROR;
				CLANG_WARN_DOCUMENTATION_COMMENTS = YES;
				CLANG_WARN_EMPTY_BODY = YES;
				CLANG_WARN_ENUM_CONVERSION = YES;
				CLANG_WARN_INFINITE_RECURSION = YES;
				CLANG_WARN_INT_CONVERSION = YES;
				CLANG_WARN_NON_LITERAL_NULL_CONVERSION = YES;
				CLANG_WARN_OBJC_IMPLICIT_RETAIN_SELF = YES;
				CLANG_WARN_OBJC_LITERAL_CONVERSION = YES;
				CLANG_WARN_OBJC_ROOT_CLASS = YES_ERROR;
				CLANG_WARN_RANGE_LOOP_ANALYSIS = YES;
				CLANG_WARN_STRICT_PROTOTYPES = YES;
				CLANG_WARN_SUSPICIOUS_MOVE = YES;
				CLANG_WARN_UNGUARDED_AVAILABILITY = YES_AGGRESSIVE;
				CLANG_WARN_UNREACHABLE_CODE = YES;
				CLANG_WARN__DUPLICATE_METHOD_MATCH = YES;
				CODE_SIGN_IDENTITY = "iPhone Developer";
				COPY_PHASE_STRIP = NO;
				DEBUG_INFORMATION_FORMAT = "dwarf-with-dsym";
				ENABLE_NS_ASSERTIONS = NO;
				ENABLE_STRICT_OBJC_MSGSEND = YES;
				GCC_C_LANGUAGE_STANDARD = gnu11;
				GCC_NO_COMMON_BLOCKS = YES;
				GCC_WARN_64_TO_32_BIT_CONVERSION = YES;
				GCC_WARN_ABOUT_RETURN_TYPE = YES_ERROR;
				GCC_WARN_UNDECLARED_SELECTOR = YES;
				GCC_WARN_UNINITIALIZED_AUTOS = YES_AGGRESSIVE;
				GCC_WARN_UNUSED_FUNCTION = YES;
				GCC_WARN_UNUSED_VARIABLE = YES;
				IPHONEOS_DEPLOYMENT_TARGET = 11.4;
				MTL_ENABLE_DEBUG_INFO = NO;
				SDKROOT = iphoneos;
				VALIDATE_PRODUCT = YES;
			};
			name = Release;
		};
		8339548F20FF4D6B00A608E0 /* Debug */ = {
			isa = XCBuildConfiguration;
			buildSettings = {
				ASSETCATALOG_COMPILER_APPICON_NAME = AppIcon;
				CODE_SIGN_STYLE = Automatic;
				DEVELOPMENT_TEAM = BMPC4G33M5;
				INFOPLIST_FILE = WKDanmuView/Info.plist;
				LD_RUNPATH_SEARCH_PATHS = (
					"$(inherited)",
					"@executable_path/Frameworks",
				);
				PRODUCT_BUNDLE_IDENTIFIER = com.wk.WKDanmuView;
				PRODUCT_NAME = "$(TARGET_NAME)";
				TARGETED_DEVICE_FAMILY = "1,2";
			};
			name = Debug;
		};
		8339549020FF4D6B00A608E0 /* Release */ = {
			isa = XCBuildConfiguration;
			buildSettings = {
				ASSETCATALOG_COMPILER_APPICON_NAME = AppIcon;
				CODE_SIGN_STYLE = Automatic;
				DEVELOPMENT_TEAM = BMPC4G33M5;
				INFOPLIST_FILE = WKDanmuView/Info.plist;
				LD_RUNPATH_SEARCH_PATHS = (
					"$(inherited)",
					"@executable_path/Frameworks",
				);
				PRODUCT_BUNDLE_IDENTIFIER = com.wk.WKDanmuView;
				PRODUCT_NAME = "$(TARGET_NAME)";
				TARGETED_DEVICE_FAMILY = "1,2";
			};
			name = Release;
		};
		8339549220FF4D6B00A608E0 /* Debug */ = {
			isa = XCBuildConfiguration;
			buildSettings = {
				BUNDLE_LOADER = "$(TEST_HOST)";
				CODE_SIGN_STYLE = Automatic;
				INFOPLIST_FILE = WKDanmuViewTests/Info.plist;
				LD_RUNPATH_SEARCH_PATHS = (
					"$(inherited)",
					"@executable_path/Frameworks",
					"@loader_path/Frameworks",
				);
				PRODUCT_BUNDLE_IDENTIFIER = com.wk.WKDanmuViewTests;
				PRODUCT_NAME = "$(TARGET_NAME)";
				TARGETED_DEVICE_FAMILY = "1,2";
				TEST_HOST = "$(BUILT_PRODUCTS_DIR)/WKDanmuView.app/WKDanmuView";
			};
			name = Debug;
		};
		8339549320FF4D6B00A608E0 /* Release */ = {
			isa = XCBuildConfiguration;
			buildSettings = {
				BUNDLE_LOADER = "$(TEST_HOST)";
				CODE_SIGN_STYLE = Automatic;
				INFOPLIST_FILE = WKDanmuViewTests/Info.plist;
				LD_RUNPATH_SEARCH_PATHS = (
					"$(inherited)",
					"@executable_path/Frameworks",
					"@loader_path/Frameworks",
				);
				PRODUCT_BUNDLE_IDENTIFIER = com.wk.WKDanmuViewTests;
				PRODUCT_NAME = "$(TARGET_NAME)";
				TARGETED_DEVICE_FAMILY = "1,2";
				TEST_HOST = "$(BUILT_PRODUCTS_DIR)/WKDanmuView.app/WKDanmuView";
			};
			name = Release;
		};
		8339549520FF4D6B00A608E0 /* Debug */ = {
			isa = XCBuildConfiguration;
			buildSettings = {
				CODE_SIGN_STYLE = Automatic;
				INFOPLIST_FILE = WKDanmuViewUITests/Info.plist;
				LD_RUNPATH_SEARCH_PATHS = (
					"$(inherited)",
					"@executable_path/Frameworks",
					"@loader_path/Frameworks",
				);
				PRODUCT_BUNDLE_IDENTIFIER = com.wk.WKDanmuViewUITests;
				PRODUCT_NAME = "$(TARGET_NAME)";
				TARGETED_DEVICE_FAMILY = "1,2";
				TEST_TARGET_NAME = WKDanmuView;
			};
			name = Debug;
		};
		8339549620FF4D6B00A608E0 /* Release */ = {
			isa = XCBuildConfiguration;
			buildSettings = {
				CODE_SIGN_STYLE = Automatic;
				INFOPLIST_FILE = WKDanmuViewUITests/Info.plist;
				LD_RUNPATH_SEARCH_PATHS = (
					"$(inherited)",
					"@executable_path/Frameworks",
					"@loader_path/Frameworks",
				);
				PRODUCT_BUNDLE_IDENTIFIER = com.wk.WKDanmuViewUITests;
				PRODUCT_NAME = "$(TARGET_NAME)";
				TARGETED_DEVICE_FAMILY = "1,2";
				TEST_TARGET_NAME = WKDanmuView;
			};
			name = Release;
		};
/* End XCBuildConfiguration section */

/* Begin XCConfigurationList section */
		8339545D20FF4D6800A608E0 /* Build configuration list for PBXProject "WKDanmuView" */ = {
			isa = XCConfigurationList;
			buildConfigurations = (
				8339548C20FF4D6B00A608E0 /* Debug */,
				8339548D20FF4D6B00A608E0 /* Release */,
			);
			defaultConfigurationIsVisible = 0;
			defaultConfigurationName = Release;
		};
		8339548E20FF4D6B00A608E0 /* Build configuration list for PBXNativeTarget "WKDanmuView" */ = {
			isa = XCConfigurationList;
			buildConfigurations = (
				8339548F20FF4D6B00A608E0 /* Debug */,
				8339549020FF4D6B00A608E0 /* Release */,
			);
			defaultConfigurationIsVisible = 0;
			defaultConfigurationName = Release;
		};
		8339549120FF4D6B00A608E0 /* Build configuration list for PBXNativeTarget "WKDanmuViewTests" */ = {
			isa = XCConfigurationList;
			buildConfigurations = (
				8339549220FF4D6B00A608E0 /* Debug */,
				8339549320FF4D6B00A608E0 /* Release */,
			);
			defaultConfigurationIsVisible = 0;
			defaultConfigurationName = Release;
		};
		8339549420FF4D6B00A608E0 /* Build configuration list for PBXNativeTarget "WKDanmuViewUITests" */ = {
			isa = XCConfigurationList;
			buildConfigurations = (
				8339549520FF4D6B00A608E0 /* Debug */,
				8339549620FF4D6B00A608E0 /* Release */,
			);
			defaultConfigurationIsVisible = 0;
			defaultConfigurationName = Release;
		};
/* End XCConfigurationList section */
	};
	rootObject = 8339545A20FF4D6800A608E0 /* Project object */;
}
